
Microsoft Visual Studio Solution File, Format Version 12.00
# Visual Studio Version 17
VisualStudioVersion = 17.11.35303.130
MinimumVisualStudioVersion = 10.0.40219.1
Project("{2150E333-8FDC-42A3-9474-1A3956D46DE8}") = "Task0", "Task0", "{26834CC4-B8A8-4905-A717-9FFA84FBFA04}"
EndProject
Project("{9A19103F-16F7-4668-BE54-9A1E7A4F7556}") = "Tyuiu.GolubevDS.Sprint6.Task0.V22.Test", "Tyuiu.GolubevDS.Sprint6.Task0.V22.Test\Tyuiu.GolubevDS.Sprint6.Task0.V22.Test.csproj", "{70D94230-870E-4445-8C5E-04BBDC4C6735}"
EndProject
Project("{9A19103F-16F7-4668-BE54-9A1E7A4F7556}") = "Tyuiu.GolubevDS.Sprint6.Task0.V22.Lib", "Tyuiu.GolubevDS.Sprint6.Task0.V22.Lib\Tyuiu.GolubevDS.Sprint6.Task0.V22.Lib.csproj", "{1E4F20CA-D04E-438E-9B85-53C08A977122}"
EndProject
Project("{9A19103F-16F7-4668-BE54-9A1E7A4F7556}") = "Tyuiu.GolubevDS.Sprint6.Task0.V22", "Tyuiu.GolubevDS.Sprint6.Task0.V22\Tyuiu.GolubevDS.Sprint6.Task0.V22.csproj", "{F4A6D63C-C68C-459F-A753-A2F4A31595DF}"
EndProject
Project("{2150E333-8FDC-42A3-9474-1A3956D46DE8}") = "Task1", "Task1", "{A8971AF0-64DB-49CA-B613-31715AA8690E}"
EndProject
Project("{FAE04EC0-301F-11D3-BF4B-00C04F79EFBC}") = "Tyuiu.GolubevDS.Sprint6.Task1.V1", "Tyuiu.GolubevDS.Sprint6.Task1.V1\Tyuiu.GolubevDS.Sprint6.Task1.V1.csproj", "{D1E7EEDC-5A4E-4853-81C9-559473808EDE}"
EndProject
Project("{FAE04EC0-301F-11D3-BF4B-00C04F79EFBC}") = "Tyuiu.GolubevDS.Sprint6.Task1.V1.Test", "Tyuiu.GolubevDS.Sprint6.Task1.V1.Test\Tyuiu.GolubevDS.Sprint6.Task1.V1.Test.csproj", "{BDE28993-5F76-468A-A6B1-E554A0990551}"
EndProject
Project("{FAE04EC0-301F-11D3-BF4B-00C04F79EFBC}") = "Tyuiu.GolubevDS.Sprint6.Task1.V1.Lib", "Tyuiu.GolubevDS.Sprint6.Task1.V1.Lib\Tyuiu.GolubevDS.Sprint6.Task1.V1.Lib.csproj", "{AD674248-BA53-43AB-8007-A689AB8B73F0}"
EndProject
Global
	GlobalSection(SolutionConfigurationPlatforms) = preSolution
		Debug|Any CPU = Debug|Any CPU
		Release|Any CPU = Release|Any CPU
	EndGlobalSection
	GlobalSection(ProjectConfigurationPlatforms) = postSolution
		{70D94230-870E-4445-8C5E-04BBDC4C6735}.Debug|Any CPU.ActiveCfg = Debug|Any CPU
		{70D94230-870E-4445-8C5E-04BBDC4C6735}.Debug|Any CPU.Build.0 = Debug|Any CPU
		{70D94230-870E-4445-8C5E-04BBDC4C6735}.Release|Any CPU.ActiveCfg = Release|Any CPU
		{70D94230-870E-4445-8C5E-04BBDC4C6735}.Release|Any CPU.Build.0 = Release|Any CPU
		{1E4F20CA-D04E-438E-9B85-53C08A977122}.Debug|Any CPU.ActiveCfg = Debug|Any CPU
		{1E4F20CA-D04E-438E-9B85-53C08A977122}.Debug|Any CPU.Build.0 = Debug|Any CPU
		{1E4F20CA-D04E-438E-9B85-53C08A977122}.Release|Any CPU.ActiveCfg = Release|Any CPU
		{1E4F20CA-D04E-438E-9B85-53C08A977122}.Release|Any CPU.Build.0 = Release|Any CPU
		{F4A6D63C-C68C-459F-A753-A2F4A31595DF}.Debug|Any CPU.ActiveCfg = Debug|Any CPU
		{F4A6D63C-C68C-459F-A753-A2F4A31595DF}.Debug|Any CPU.Build.0 = Debug|Any CPU
		{F4A6D63C-C68C-459F-A753-A2F4A31595DF}.Release|Any CPU.ActiveCfg = Release|Any CPU
		{F4A6D63C-C68C-459F-A753-A2F4A31595DF}.Release|Any CPU.Build.0 = Release|Any CPU
		{D1E7EEDC-5A4E-4853-81C9-559473808EDE}.Debug|Any CPU.ActiveCfg = Debug|Any CPU
		{D1E7EEDC-5A4E-4853-81C9-559473808EDE}.Debug|Any CPU.Build.0 = Debug|Any CPU
		{D1E7EEDC-5A4E-4853-81C9-559473808EDE}.Release|Any CPU.ActiveCfg = Release|Any CPU
		{D1E7EEDC-5A4E-4853-81C9-559473808EDE}.Release|Any CPU.Build.0 = Release|Any CPU
		{BDE28993-5F76-468A-A6B1-E554A0990551}.Debug|Any CPU.ActiveCfg = Debug|Any CPU
		{BDE28993-5F76-468A-A6B1-E554A0990551}.Debug|Any CPU.Build.0 = Debug|Any CPU
		{BDE28993-5F76-468A-A6B1-E554A0990551}.Release|Any CPU.ActiveCfg = Release|Any CPU
		{BDE28993-5F76-468A-A6B1-E554A0990551}.Release|Any CPU.Build.0 = Release|Any CPU
		{AD674248-BA53-43AB-8007-A689AB8B73F0}.Debug|Any CPU.ActiveCfg = Debug|Any CPU
		{AD674248-BA53-43AB-8007-A689AB8B73F0}.Debug|Any CPU.Build.0 = Debug|Any CPU
		{AD674248-BA53-43AB-8007-A689AB8B73F0}.Release|Any CPU.ActiveCfg = Release|Any CPU
		{AD674248-BA53-43AB-8007-A689AB8B73F0}.Release|Any CPU.Build.0 = Release|Any CPU
	EndGlobalSection
	GlobalSection(SolutionProperties) = preSolution
		HideSolutionNode = FALSE
	EndGlobalSection
	GlobalSection(NestedProjects) = preSolution
		{70D94230-870E-4445-8C5E-04BBDC4C6735} = {26834CC4-B8A8-4905-A717-9FFA84FBFA04}
		{1E4F20CA-D04E-438E-9B85-53C08A977122} = {26834CC4-B8A8-4905-A717-9FFA84FBFA04}
		{F4A6D63C-C68C-459F-A753-A2F4A31595DF} = {26834CC4-B8A8-4905-A717-9FFA84FBFA04}
		{D1E7EEDC-5A4E-4853-81C9-559473808EDE} = {A8971AF0-64DB-49CA-B613-31715AA8690E}
		{BDE28993-5F76-468A-A6B1-E554A0990551} = {A8971AF0-64DB-49CA-B613-31715AA8690E}
		{AD674248-BA53-43AB-8007-A689AB8B73F0} = {A8971AF0-64DB-49CA-B613-31715AA8690E}
	EndGlobalSection
	GlobalSection(ExtensibilityGlobals) = postSolution
		SolutionGuid = {A9DB5DBE-A0FB-490D-BFC5-B007C5617956}
	EndGlobalSection
EndGlobal
